
Microsoft Visual Studio Solution File, Format Version 12.00
# Visual Studio 15
VisualStudioVersion = 15.0.28307.421
MinimumVisualStudioVersion = 10.0.40219.1
Project("{FAE04EC0-301F-11D3-BF4B-00C04F79EFBC}") = "ShortenURLBitly", "ShortenURLBitly\ShortenURLBitly.csproj", "{4ECBA0EC-1AB8-497F-809E-69603305ED46}"
EndProject
Global
	GlobalSection(SolutionConfigurationPlatforms) = preSolution
		Debug|Any CPU = Debug|Any CPU
		Release|Any CPU = Release|Any CPU
	EndGlobalSection
	GlobalSection(ProjectConfigurationPlatforms) = postSolution
		{4ECBA0EC-1AB8-497F-809E-69603305ED46}.Debug|Any CPU.ActiveCfg = Debug|Any CPU
		{4ECBA0EC-1AB8-497F-809E-69603305ED46}.Debug|Any CPU.Build.0 = Debug|Any CPU
		{4ECBA0EC-1AB8-497F-809E-69603305ED46}.Release|Any CPU.ActiveCfg = Release|Any CPU
		{4ECBA0EC-1AB8-497F-809E-69603305ED46}.Release|Any CPU.Build.0 = Release|Any CPU
	EndGlobalSection
	GlobalSection(SolutionProperties) = preSolution
		HideSolutionNode = FALSE
	EndGlobalSection
	GlobalSection(ExtensibilityGlobals) = postSolution
		SolutionGuid = {DC809045-90EE-4A4C-BF93-5B6FEDC1F350}
	EndGlobalSection
EndGlobal
